// !$*UTF8*$!
{
	archiveVersion = 1;
	classes = {
	};
	objectVersion = 55;
	objects = {

/* Begin PBXBuildFile section */
		170BFBF626B5B215001E2A7D /* AdaptiveVStack.swift in Sources */ = {isa = PBXBuildFile; fileRef = 170BFBF526B5B215001E2A7D /* AdaptiveVStack.swift */; };
		173669ED26A5CFD2008ACC88 /* Sudoku4MeApp.swift in Sources */ = {isa = PBXBuildFile; fileRef = 173669EC26A5CFD2008ACC88 /* Sudoku4MeApp.swift */; };
		173669EF26A5CFD2008ACC88 /* ContentView.swift in Sources */ = {isa = PBXBuildFile; fileRef = 173669EE26A5CFD2008ACC88 /* ContentView.swift */; };
		173669F126A5CFD2008ACC88 /* Assets.xcassets in Resources */ = {isa = PBXBuildFile; fileRef = 173669F026A5CFD2008ACC88 /* Assets.xcassets */; };
		173669F426A5CFD2008ACC88 /* Preview Assets.xcassets in Resources */ = {isa = PBXBuildFile; fileRef = 173669F326A5CFD2008ACC88 /* Preview Assets.xcassets */; };
		174ABD2C26B06F43008779CE /* SudokuGridView.swift in Sources */ = {isa = PBXBuildFile; fileRef = 174ABD2B26B06F43008779CE /* SudokuGridView.swift */; };
		174F24E226B16F8400BE445D /* SudokuGridReader.swift in Sources */ = {isa = PBXBuildFile; fileRef = 174F24E126B16F8400BE445D /* SudokuGridReader.swift */; };
		174F24E426B2DF4400BE445D /* ImagePicker.swift in Sources */ = {isa = PBXBuildFile; fileRef = 174F24E326B2DF4400BE445D /* ImagePicker.swift */; };
		174F24E726B310A800BE445D /* SudokuGridReader+UIImage.swift in Sources */ = {isa = PBXBuildFile; fileRef = 174F24E626B310A800BE445D /* SudokuGridReader+UIImage.swift */; };
		174F24E926B31B5100BE445D /* Extensions.swift in Sources */ = {isa = PBXBuildFile; fileRef = 174F24E826B31B5100BE445D /* Extensions.swift */; };
		1768BCE726FF891A0084DFDE /* Basic9x9GridView.swift in Sources */ = {isa = PBXBuildFile; fileRef = 1768BCE626FF891A0084DFDE /* Basic9x9GridView.swift */; };
		1774994026B5A1A8000D95DD /* DebugViewExtensions.swift in Sources */ = {isa = PBXBuildFile; fileRef = 1774993F26B5A1A8000D95DD /* DebugViewExtensions.swift */; };
		178DECC526AD8DC3000410D0 /* SudokuGame.swift in Sources */ = {isa = PBXBuildFile; fileRef = 178DECC426AD8DC3000410D0 /* SudokuGame.swift */; };
		17C5316E26ADC4A3001EDE9E /* SudokuCellView.swift in Sources */ = {isa = PBXBuildFile; fileRef = 17C5316D26ADC4A3001EDE9E /* SudokuCellView.swift */; };
		17C5317026ADC63B001EDE9E /* CustomKeyboard.swift in Sources */ = {isa = PBXBuildFile; fileRef = 17C5316F26ADC63B001EDE9E /* CustomKeyboard.swift */; };
		17F39D1226C3F437006EFB8F /* SudokuImportView.swift in Sources */ = {isa = PBXBuildFile; fileRef = 17F39D1126C3F437006EFB8F /* SudokuImportView.swift */; };
		17F39D1426C3FB31006EFB8F /* Quadrilateral.swift in Sources */ = {isa = PBXBuildFile; fileRef = 17F39D1326C3FB31006EFB8F /* Quadrilateral.swift */; };
		17F39D1826C407F3006EFB8F /* ImportSourceType.swift in Sources */ = {isa = PBXBuildFile; fileRef = 17F39D1726C407F3006EFB8F /* ImportSourceType.swift */; };
/* End PBXBuildFile section */

/* Begin PBXFileReference section */
		170BFBF526B5B215001E2A7D /* AdaptiveVStack.swift */ = {isa = PBXFileReference; lastKnownFileType = sourcecode.swift; path = AdaptiveVStack.swift; sourceTree = "<group>"; };
		173669E926A5CFD2008ACC88 /* Sudoku4Me.app */ = {isa = PBXFileReference; explicitFileType = wrapper.application; includeInIndex = 0; path = Sudoku4Me.app; sourceTree = BUILT_PRODUCTS_DIR; };
		173669EC26A5CFD2008ACC88 /* Sudoku4MeApp.swift */ = {isa = PBXFileReference; lastKnownFileType = sourcecode.swift; path = Sudoku4MeApp.swift; sourceTree = "<group>"; };
		173669EE26A5CFD2008ACC88 /* ContentView.swift */ = {isa = PBXFileReference; lastKnownFileType = sourcecode.swift; path = ContentView.swift; sourceTree = "<group>"; };
		173669F026A5CFD2008ACC88 /* Assets.xcassets */ = {isa = PBXFileReference; lastKnownFileType = folder.assetcatalog; path = Assets.xcassets; sourceTree = "<group>"; };
		173669F326A5CFD2008ACC88 /* Preview Assets.xcassets */ = {isa = PBXFileReference; lastKnownFileType = folder.assetcatalog; path = "Preview Assets.xcassets"; sourceTree = "<group>"; };
		173669FA26A5D101008ACC88 /* Prototyping.playground */ = {isa = PBXFileReference; lastKnownFileType = file.playground; path = Prototyping.playground; sourceTree = "<group>"; xcLanguageSpecificationIdentifier = xcode.lang.swift; };
		174ABD2B26B06F43008779CE /* SudokuGridView.swift */ = {isa = PBXFileReference; lastKnownFileType = sourcecode.swift; path = SudokuGridView.swift; sourceTree = "<group>"; };
		174F24E126B16F8400BE445D /* SudokuGridReader.swift */ = {isa = PBXFileReference; lastKnownFileType = sourcecode.swift; path = SudokuGridReader.swift; sourceTree = "<group>"; };
		174F24E326B2DF4400BE445D /* ImagePicker.swift */ = {isa = PBXFileReference; lastKnownFileType = sourcecode.swift; path = ImagePicker.swift; sourceTree = "<group>"; };
		174F24E526B2EF1000BE445D /* Info.plist */ = {isa = PBXFileReference; lastKnownFileType = text.plist; path = Info.plist; sourceTree = "<group>"; };
		174F24E626B310A800BE445D /* SudokuGridReader+UIImage.swift */ = {isa = PBXFileReference; lastKnownFileType = sourcecode.swift; path = "SudokuGridReader+UIImage.swift"; sourceTree = "<group>"; };
		174F24E826B31B5100BE445D /* Extensions.swift */ = {isa = PBXFileReference; lastKnownFileType = sourcecode.swift; path = Extensions.swift; sourceTree = "<group>"; };
		1768BCE626FF891A0084DFDE /* Basic9x9GridView.swift */ = {isa = PBXFileReference; lastKnownFileType = sourcecode.swift; path = Basic9x9GridView.swift; sourceTree = "<group>"; };
		1774993F26B5A1A8000D95DD /* DebugViewExtensions.swift */ = {isa = PBXFileReference; fileEncoding = 4; lastKnownFileType = sourcecode.swift; path = DebugViewExtensions.swift; sourceTree = "<group>"; };
		178DECC426AD8DC3000410D0 /* SudokuGame.swift */ = {isa = PBXFileReference; lastKnownFileType = sourcecode.swift; path = SudokuGame.swift; sourceTree = "<group>"; };
		17C5316D26ADC4A3001EDE9E /* SudokuCellView.swift */ = {isa = PBXFileReference; lastKnownFileType = sourcecode.swift; path = SudokuCellView.swift; sourceTree = "<group>"; };
		17C5316F26ADC63B001EDE9E /* CustomKeyboard.swift */ = {isa = PBXFileReference; lastKnownFileType = sourcecode.swift; path = CustomKeyboard.swift; sourceTree = "<group>"; };
		17F39D1126C3F437006EFB8F /* SudokuImportView.swift */ = {isa = PBXFileReference; lastKnownFileType = sourcecode.swift; path = SudokuImportView.swift; sourceTree = "<group>"; };
		17F39D1326C3FB31006EFB8F /* Quadrilateral.swift */ = {isa = PBXFileReference; lastKnownFileType = sourcecode.swift; path = Quadrilateral.swift; sourceTree = "<group>"; };
		17F39D1726C407F3006EFB8F /* ImportSourceType.swift */ = {isa = PBXFileReference; lastKnownFileType = sourcecode.swift; path = ImportSourceType.swift; sourceTree = "<group>"; };
/* End PBXFileReference section */

/* Begin PBXFrameworksBuildPhase section */
		173669E626A5CFD2008ACC88 /* Frameworks */ = {
			isa = PBXFrameworksBuildPhase;
			buildActionMask = 2147483647;
			files = (
			);
			runOnlyForDeploymentPostprocessing = 0;
		};
/* End PBXFrameworksBuildPhase section */

/* Begin PBXGroup section */
		173669E026A5CFD2008ACC88 = {
			isa = PBXGroup;
			children = (
				173669FA26A5D101008ACC88 /* Prototyping.playground */,
				173669EB26A5CFD2008ACC88 /* Sudoku4Me */,
				173669EA26A5CFD2008ACC88 /* Products */,
			);
			sourceTree = "<group>";
		};
		173669EA26A5CFD2008ACC88 /* Products */ = {
			isa = PBXGroup;
			children = (
				173669E926A5CFD2008ACC88 /* Sudoku4Me.app */,
			);
			name = Products;
			sourceTree = "<group>";
		};
		173669EB26A5CFD2008ACC88 /* Sudoku4Me */ = {
			isa = PBXGroup;
			children = (
				17F39D1926C41E54006EFB8F /* Activities */,
				17F39D1B26C41E70006EFB8F /* Model */,
				17F39D1E26C41ECE006EFB8F /* Helper */,
				174F24E526B2EF1000BE445D /* Info.plist */,
				173669EC26A5CFD2008ACC88 /* Sudoku4MeApp.swift */,
				173669F026A5CFD2008ACC88 /* Assets.xcassets */,
				173669F226A5CFD2008ACC88 /* Preview Content */,
			);
			path = Sudoku4Me;
			sourceTree = "<group>";
		};
		173669F226A5CFD2008ACC88 /* Preview Content */ = {
			isa = PBXGroup;
			children = (
				173669F326A5CFD2008ACC88 /* Preview Assets.xcassets */,
			);
			path = "Preview Content";
			sourceTree = "<group>";
		};
		17F39D1926C41E54006EFB8F /* Activities */ = {
			isa = PBXGroup;
			children = (
				17F39D1A26C41E5E006EFB8F /* Play */,
				17F39D1C26C41E7B006EFB8F /* Import */,
			);
			path = Activities;
			sourceTree = "<group>";
		};
		17F39D1A26C41E5E006EFB8F /* Play */ = {
			isa = PBXGroup;
			children = (
				173669EE26A5CFD2008ACC88 /* ContentView.swift */,
				174ABD2B26B06F43008779CE /* SudokuGridView.swift */,
				17C5316D26ADC4A3001EDE9E /* SudokuCellView.swift */,
				17C5316F26ADC63B001EDE9E /* CustomKeyboard.swift */,
				1768BCE626FF891A0084DFDE /* Basic9x9GridView.swift */,
			);
			path = Play;
			sourceTree = "<group>";
		};
		17F39D1B26C41E70006EFB8F /* Model */ = {
			isa = PBXGroup;
			children = (
				178DECC426AD8DC3000410D0 /* SudokuGame.swift */,
			);
			path = Model;
			sourceTree = "<group>";
		};
		17F39D1C26C41E7B006EFB8F /* Import */ = {
			isa = PBXGroup;
			children = (
				17F39D1126C3F437006EFB8F /* SudokuImportView.swift */,
				17F39D1726C407F3006EFB8F /* ImportSourceType.swift */,
				174F24E326B2DF4400BE445D /* ImagePicker.swift */,
				174F24E126B16F8400BE445D /* SudokuGridReader.swift */,
				174F24E626B310A800BE445D /* SudokuGridReader+UIImage.swift */,
				17F39D1326C3FB31006EFB8F /* Quadrilateral.swift */,
			);
			path = Import;
			sourceTree = "<group>";
		};
		17F39D1E26C41ECE006EFB8F /* Helper */ = {
			isa = PBXGroup;
			children = (
				174F24E826B31B5100BE445D /* Extensions.swift */,
				1774993F26B5A1A8000D95DD /* DebugViewExtensions.swift */,
				170BFBF526B5B215001E2A7D /* AdaptiveVStack.swift */,
			);
			path = Helper;
			sourceTree = "<group>";
		};
/* End PBXGroup section */

/* Begin PBXNativeTarget section */
		173669E826A5CFD2008ACC88 /* Sudoku4Me */ = {
			isa = PBXNativeTarget;
			buildConfigurationList = 173669F726A5CFD2008ACC88 /* Build configuration list for PBXNativeTarget "Sudoku4Me" */;
			buildPhases = (
				173669E526A5CFD2008ACC88 /* Sources */,
				173669E626A5CFD2008ACC88 /* Frameworks */,
				173669E726A5CFD2008ACC88 /* Resources */,
			);
			buildRules = (
			);
			dependencies = (
			);
			name = Sudoku4Me;
			productName = Sudoku4Me;
			productReference = 173669E926A5CFD2008ACC88 /* Sudoku4Me.app */;
			productType = "com.apple.product-type.application";
		};
/* End PBXNativeTarget section */

/* Begin PBXProject section */
		173669E126A5CFD2008ACC88 /* Project object */ = {
			isa = PBXProject;
			attributes = {
				BuildIndependentTargetsInParallel = 1;
				LastSwiftUpdateCheck = 1300;
				LastUpgradeCheck = 1300;
				TargetAttributes = {
					173669E826A5CFD2008ACC88 = {
						CreatedOnToolsVersion = 13.0;
					};
				};
			};
			buildConfigurationList = 173669E426A5CFD2008ACC88 /* Build configuration list for PBXProject "Sudoku4Me" */;
			compatibilityVersion = "Xcode 13.0";
			developmentRegion = en;
			hasScannedForEncodings = 0;
			knownRegions = (
				en,
				Base,
			);
			mainGroup = 173669E026A5CFD2008ACC88;
			productRefGroup = 173669EA26A5CFD2008ACC88 /* Products */;
			projectDirPath = "";
			projectRoot = "";
			targets = (
				173669E826A5CFD2008ACC88 /* Sudoku4Me */,
			);
		};
/* End PBXProject section */

/* Begin PBXResourcesBuildPhase section */
		173669E726A5CFD2008ACC88 /* Resources */ = {
			isa = PBXResourcesBuildPhase;
			buildActionMask = 2147483647;
			files = (
				173669F426A5CFD2008ACC88 /* Preview Assets.xcassets in Resources */,
				173669F126A5CFD2008ACC88 /* Assets.xcassets in Resources */,
			);
			runOnlyForDeploymentPostprocessing = 0;
		};
/* End PBXResourcesBuildPhase section */

/* Begin PBXSourcesBuildPhase section */
		173669E526A5CFD2008ACC88 /* Sources */ = {
			isa = PBXSourcesBuildPhase;
			buildActionMask = 2147483647;
			files = (
				178DECC526AD8DC3000410D0 /* SudokuGame.swift in Sources */,
				17F39D1826C407F3006EFB8F /* ImportSourceType.swift in Sources */,
				17C5317026ADC63B001EDE9E /* CustomKeyboard.swift in Sources */,
				170BFBF626B5B215001E2A7D /* AdaptiveVStack.swift in Sources */,
				17C5316E26ADC4A3001EDE9E /* SudokuCellView.swift in Sources */,
				174F24E226B16F8400BE445D /* SudokuGridReader.swift in Sources */,
				17F39D1226C3F437006EFB8F /* SudokuImportView.swift in Sources */,
				174ABD2C26B06F43008779CE /* SudokuGridView.swift in Sources */,
				1774994026B5A1A8000D95DD /* DebugViewExtensions.swift in Sources */,
				1768BCE726FF891A0084DFDE /* Basic9x9GridView.swift in Sources */,
				174F24E926B31B5100BE445D /* Extensions.swift in Sources */,
				17F39D1426C3FB31006EFB8F /* Quadrilateral.swift in Sources */,
				174F24E426B2DF4400BE445D /* ImagePicker.swift in Sources */,
				174F24E726B310A800BE445D /* SudokuGridReader+UIImage.swift in Sources */,
				173669EF26A5CFD2008ACC88 /* ContentView.swift in Sources */,
				173669ED26A5CFD2008ACC88 /* Sudoku4MeApp.swift in Sources */,
			);
			runOnlyForDeploymentPostprocessing = 0;
		};
/* End PBXSourcesBuildPhase section */

/* Begin XCBuildConfiguration section */
		173669F526A5CFD2008ACC88 /* Debug */ = {
			isa = XCBuildConfiguration;
			buildSettings = {
				ALWAYS_SEARCH_USER_PATHS = NO;
				CLANG_ANALYZER_NONNULL = YES;
				CLANG_ANALYZER_NUMBER_OBJECT_CONVERSION = YES_AGGRESSIVE;
				CLANG_CXX_LANGUAGE_STANDARD = "gnu++17";
				CLANG_CXX_LIBRARY = "libc++";
				CLANG_ENABLE_MODULES = YES;
				CLANG_ENABLE_OBJC_ARC = YES;
				CLANG_ENABLE_OBJC_WEAK = YES;
				CLANG_WARN_BLOCK_CAPTURE_AUTORELEASING = YES;
				CLANG_WARN_BOOL_CONVERSION = YES;
				CLANG_WARN_COMMA = YES;
				CLANG_WARN_CONSTANT_CONVERSION = YES;
				CLANG_WARN_DEPRECATED_OBJC_IMPLEMENTATIONS = YES;
				CLANG_WARN_DIRECT_OBJC_ISA_USAGE = YES_ERROR;
				CLANG_WARN_DOCUMENTATION_COMMENTS = YES;
				CLANG_WARN_EMPTY_BODY = YES;
				CLANG_WARN_ENUM_CONVERSION = YES;
				CLANG_WARN_INFINITE_RECURSION = YES;
				CLANG_WARN_INT_CONVERSION = YES;
				CLANG_WARN_NON_LITERAL_NULL_CONVERSION = YES;
				CLANG_WARN_OBJC_IMPLICIT_RETAIN_SELF = YES;
				CLANG_WARN_OBJC_LITERAL_CONVERSION = YES;
				CLANG_WARN_OBJC_ROOT_CLASS = YES_ERROR;
				CLANG_WARN_QUOTED_INCLUDE_IN_FRAMEWORK_HEADER = YES;
				CLANG_WARN_RANGE_LOOP_ANALYSIS = YES;
				CLANG_WARN_STRICT_PROTOTYPES = YES;
				CLANG_WARN_SUSPICIOUS_MOVE = YES;
				CLANG_WARN_UNGUARDED_AVAILABILITY = YES_AGGRESSIVE;
				CLANG_WARN_UNREACHABLE_CODE = YES;
				CLANG_WARN__DUPLICATE_METHOD_MATCH = YES;
				COPY_PHASE_STRIP = NO;
				DEBUG_INFORMATION_FORMAT = dwarf;
				ENABLE_STRICT_OBJC_MSGSEND = YES;
				ENABLE_TESTABILITY = YES;
				GCC_C_LANGUAGE_STANDARD = gnu11;
				GCC_DYNAMIC_NO_PIC = NO;
				GCC_NO_COMMON_BLOCKS = YES;
				GCC_OPTIMIZATION_LEVEL = 0;
				GCC_PREPROCESSOR_DEFINITIONS = (
					"DEBUG=1",
					"$(inherited)",
				);
				GCC_WARN_64_TO_32_BIT_CONVERSION = YES;
				GCC_WARN_ABOUT_RETURN_TYPE = YES_ERROR;
				GCC_WARN_UNDECLARED_SELECTOR = YES;
				GCC_WARN_UNINITIALIZED_AUTOS = YES_AGGRESSIVE;
				GCC_WARN_UNUSED_FUNCTION = YES;
				GCC_WARN_UNUSED_VARIABLE = YES;
				IPHONEOS_DEPLOYMENT_TARGET = 15.0;
				MTL_ENABLE_DEBUG_INFO = INCLUDE_SOURCE;
				MTL_FAST_MATH = YES;
				ONLY_ACTIVE_ARCH = YES;
				SDKROOT = iphoneos;
				SWIFT_ACTIVE_COMPILATION_CONDITIONS = DEBUG;
				SWIFT_OPTIMIZATION_LEVEL = "-Onone";
			};
			name = Debug;
		};
		173669F626A5CFD2008ACC88 /* Release */ = {
			isa = XCBuildConfiguration;
			buildSettings = {
				ALWAYS_SEARCH_USER_PATHS = NO;
				CLANG_ANALYZER_NONNULL = YES;
				CLANG_ANALYZER_NUMBER_OBJECT_CONVERSION = YES_AGGRESSIVE;
				CLANG_CXX_LANGUAGE_STANDARD = "gnu++17";
				CLANG_CXX_LIBRARY = "libc++";
				CLANG_ENABLE_MODULES = YES;
				CLANG_ENABLE_OBJC_ARC = YES;
				CLANG_ENABLE_OBJC_WEAK = YES;
				CLANG_WARN_BLOCK_CAPTURE_AUTORELEASING = YES;
				CLANG_WARN_BOOL_CONVERSION = YES;
				CLANG_WARN_COMMA = YES;
				CLANG_WARN_CONSTANT_CONVERSION = YES;
				CLANG_WARN_DEPRECATED_OBJC_IMPLEMENTATIONS = YES;
				CLANG_WARN_DIRECT_OBJC_ISA_USAGE = YES_ERROR;
				CLANG_WARN_DOCUMENTATION_COMMENTS = YES;
				CLANG_WARN_EMPTY_BODY = YES;
				CLANG_WARN_ENUM_CONVERSION = YES;
				CLANG_WARN_INFINITE_RECURSION = YES;
				CLANG_WARN_INT_CONVERSION = YES;
				CLANG_WARN_NON_LITERAL_NULL_CONVERSION = YES;
				CLANG_WARN_OBJC_IMPLICIT_RETAIN_SELF = YES;
				CLANG_WARN_OBJC_LITERAL_CONVERSION = YES;
				CLANG_WARN_OBJC_ROOT_CLASS = YES_ERROR;
				CLANG_WARN_QUOTED_INCLUDE_IN_FRAMEWORK_HEADER = YES;
				CLANG_WARN_RANGE_LOOP_ANALYSIS = YES;
				CLANG_WARN_STRICT_PROTOTYPES = YES;
				CLANG_WARN_SUSPICIOUS_MOVE = YES;
				CLANG_WARN_UNGUARDED_AVAILABILITY = YES_AGGRESSIVE;
				CLANG_WARN_UNREACHABLE_CODE = YES;
				CLANG_WARN__DUPLICATE_METHOD_MATCH = YES;
				COPY_PHASE_STRIP = NO;
				DEBUG_INFORMATION_FORMAT = "dwarf-with-dsym";
				ENABLE_NS_ASSERTIONS = NO;
				ENABLE_STRICT_OBJC_MSGSEND = YES;
				GCC_C_LANGUAGE_STANDARD = gnu11;
				GCC_NO_COMMON_BLOCKS = YES;
				GCC_WARN_64_TO_32_BIT_CONVERSION = YES;
				GCC_WARN_ABOUT_RETURN_TYPE = YES_ERROR;
				GCC_WARN_UNDECLARED_SELECTOR = YES;
				GCC_WARN_UNINITIALIZED_AUTOS = YES_AGGRESSIVE;
				GCC_WARN_UNUSED_FUNCTION = YES;
				GCC_WARN_UNUSED_VARIABLE = YES;
				IPHONEOS_DEPLOYMENT_TARGET = 15.0;
				MTL_ENABLE_DEBUG_INFO = NO;
				MTL_FAST_MATH = YES;
				SDKROOT = iphoneos;
				SWIFT_COMPILATION_MODE = wholemodule;
				SWIFT_OPTIMIZATION_LEVEL = "-O";
				VALIDATE_PRODUCT = YES;
			};
			name = Release;
		};
		173669F826A5CFD2008ACC88 /* Debug */ = {
			isa = XCBuildConfiguration;
			buildSettings = {
				ASSETCATALOG_COMPILER_APPICON_NAME = AppIcon;
				ASSETCATALOG_COMPILER_GLOBAL_ACCENT_COLOR_NAME = AccentColor;
				CODE_SIGN_STYLE = Automatic;
				CURRENT_PROJECT_VERSION = 1;
				DEVELOPMENT_ASSET_PATHS = "\"Sudoku4Me/Preview Content\"";
				DEVELOPMENT_TEAM = P8CC95REUG;
				ENABLE_PREVIEWS = YES;
				GENERATE_INFOPLIST_FILE = YES;
				INFOPLIST_FILE = Sudoku4Me/Info.plist;
				INFOPLIST_KEY_NSCameraUsageDescription = "Allow taking a photo of a Sudoku puzzle.";
				INFOPLIST_KEY_UIApplicationSceneManifest_Generation = YES;
				INFOPLIST_KEY_UIApplicationSupportsIndirectInputEvents = YES;
				INFOPLIST_KEY_UILaunchScreen_Generation = YES;
				INFOPLIST_KEY_UISupportedInterfaceOrientations_iPad = "UIInterfaceOrientationPortrait UIInterfaceOrientationPortraitUpsideDown UIInterfaceOrientationLandscapeLeft UIInterfaceOrientationLandscapeRight";
				INFOPLIST_KEY_UISupportedInterfaceOrientations_iPhone = "UIInterfaceOrientationPortrait UIInterfaceOrientationLandscapeLeft UIInterfaceOrientationLandscapeRight";
				IPHONEOS_DEPLOYMENT_TARGET = 14.0;
				LD_RUNPATH_SEARCH_PATHS = (
					"$(inherited)",
					"@executable_path/Frameworks",
				);
				MARKETING_VERSION = 1.0;
				PRODUCT_BUNDLE_IDENTIFIER = com.yourcompany.Sudoku4Me;
				PRODUCT_NAME = "$(TARGET_NAME)";
				SWIFT_EMIT_LOC_STRINGS = YES;
				SWIFT_VERSION = 5.0;
				TARGETED_DEVICE_FAMILY = "1,2";
			};
			name = Debug;
		};
		173669F926A5CFD2008ACC88 /* Release */ = {
			isa = XCBuildConfiguration;
			buildSettings = {
				ASSETCATALOG_COMPILER_APPICON_NAME = AppIcon;
				ASSETCATALOG_COMPILER_GLOBAL_ACCENT_COLOR_NAME = AccentColor;
				CODE_SIGN_STYLE = Automatic;
				CURRENT_PROJECT_VERSION = 1;
				DEVELOPMENT_ASSET_PATHS = "\"Sudoku4Me/Preview Content\"";
				DEVELOPMENT_TEAM = P8CC95REUG;
				ENABLE_PREVIEWS = YES;
				GENERATE_INFOPLIST_FILE = YES;
				INFOPLIST_FILE = Sudoku4Me/Info.plist;
				INFOPLIST_KEY_NSCameraUsageDescription = "Allow taking a photo of a Sudoku puzzle.";
				INFOPLIST_KEY_UIApplicationSceneManifest_Generation = YES;
				INFOPLIST_KEY_UIApplicationSupportsIndirectInputEvents = YES;
				INFOPLIST_KEY_UILaunchScreen_Generation = YES;
				INFOPLIST_KEY_UISupportedInterfaceOrientations_iPad = "UIInterfaceOrientationPortrait UIInterfaceOrientationPortraitUpsideDown UIInterfaceOrientationLandscapeLeft UIInterfaceOrientationLandscapeRight";
				INFOPLIST_KEY_UISupportedInterfaceOrientations_iPhone = "UIInterfaceOrientationPortrait UIInterfaceOrientationLandscapeLeft UIInterfaceOrientationLandscapeRight";
				IPHONEOS_DEPLOYMENT_TARGET = 14.0;
				LD_RUNPATH_SEARCH_PATHS = (
					"$(inherited)",
					"@executable_path/Frameworks",
				);
				MARKETING_VERSION = 1.0;
				PRODUCT_BUNDLE_IDENTIFIER = com.yourcompany.Sudoku4Me;
				PRODUCT_NAME = "$(TARGET_NAME)";
				SWIFT_EMIT_LOC_STRINGS = YES;
				SWIFT_VERSION = 5.0;
				TARGETED_DEVICE_FAMILY = "1,2";
			};
			name = Release;
		};
/* End XCBuildConfiguration section */

/* Begin XCConfigurationList section */
		173669E426A5CFD2008ACC88 /* Build configuration list for PBXProject "Sudoku4Me" */ = {
			isa = XCConfigurationList;
			buildConfigurations = (
				173669F526A5CFD2008ACC88 /* Debug */,
				173669F626A5CFD2008ACC88 /* Release */,
			);
			defaultConfigurationIsVisible = 0;
			defaultConfigurationName = Release;
		};
		173669F726A5CFD2008ACC88 /* Build configuration list for PBXNativeTarget "Sudoku4Me" */ = {
			isa = XCConfigurationList;
			buildConfigurations = (
				173669F826A5CFD2008ACC88 /* Debug */,
				173669F926A5CFD2008ACC88 /* Release */,
			);
			defaultConfigurationIsVisible = 0;
			defaultConfigurationName = Release;
		};
/* End XCConfigurationList section */
	};
	rootObject = 173669E126A5CFD2008ACC88 /* Project object */;
}
